
Microsoft Visual Studio Solution File, Format Version 12.00
# Visual Studio Version 17
VisualStudioVersion = 17.14.36511.14 d17.14
MinimumVisualStudioVersion = 10.0.40219.1
Project("{FAE04EC0-301F-11D3-BF4B-00C04F79EFBC}") = "ChattingApp", "ChattingApp\ChattingApp.csproj", "{9DEB8325-CA85-4C84-BE63-ECC892F07681}"
EndProject
Global
	GlobalSection(SolutionConfigurationPlatforms) = preSolution
		Debug|Any CPU = Debug|Any CPU
		Release|Any CPU = Release|Any CPU
	EndGlobalSection
	GlobalSection(ProjectConfigurationPlatforms) = postSolution
		{9DEB8325-CA85-4C84-BE63-ECC892F07681}.Debug|Any CPU.ActiveCfg = Debug|Any CPU
		{9DEB8325-CA85-4C84-BE63-ECC892F07681}.Debug|Any CPU.Build.0 = Debug|Any CPU
		{9DEB8325-CA85-4C84-BE63-ECC892F07681}.Release|Any CPU.ActiveCfg = Release|Any CPU
		{9DEB8325-CA85-4C84-BE63-ECC892F07681}.Release|Any CPU.Build.0 = Release|Any CPU
	EndGlobalSection
	GlobalSection(SolutionProperties) = preSolution
		HideSolutionNode = FALSE
	EndGlobalSection
	GlobalSection(ExtensibilityGlobals) = postSolution
		SolutionGuid = {2A11356A-5183-4A6B-BEB7-1D6EACACA90D}
	EndGlobalSection
EndGlobal
